Microsoft Visual Studio Solution File, Format Version 12.00
# Visual Studio Version 17
VisualStudioVersion = 17.5.2.0
MinimumVisualStudioVersion = 10.0.40219.1
Project("{FAE04EC0-301F-11D3-BF4B-00C04F79EFBC}") = "MiPortfolio", "MiPortfolio.csproj", "{74998488-4CF4-7ED9-4898-60E8722934EC}"
EndProject
Global
	GlobalSection(SolutionConfigurationPlatforms) = preSolution
		Debug|Any CPU = Debug|Any CPU
		Release|Any CPU = Release|Any CPU
	EndGlobalSection
	GlobalSection(ProjectConfigurationPlatforms) = postSolution
		{74998488-4CF4-7ED9-4898-60E8722934EC}.Debug|Any CPU.ActiveCfg = Debug|Any CPU
		{74998488-4CF4-7ED9-4898-60E8722934EC}.Debug|Any CPU.Build.0 = Debug|Any CPU
		{74998488-4CF4-7ED9-4898-60E8722934EC}.Release|Any CPU.ActiveCfg = Release|Any CPU
		{74998488-4CF4-7ED9-4898-60E8722934EC}.Release|Any CPU.Build.0 = Release|Any CPU
	EndGlobalSection
	GlobalSection(SolutionProperties) = preSolution
		HideSolutionNode = FALSE
	EndGlobalSection
	GlobalSection(ExtensibilityGlobals) = postSolution
		SolutionGuid = {522867BC-90F0-42DC-BF3E-B6E4D191A57C}
	EndGlobalSection
EndGlobal
